// !$*UTF8*$!
{
	archiveVersion = 1;
	classes = {
	};
	objectVersion = 50;
	objects = {

/* Begin PBXBuildFile section */
		323EEB262445E97E004EFA5B /* APIManager.swift in Sources */ = {isa = PBXBuildFile; fileRef = 323EEB252445E97E004EFA5B /* APIManager.swift */; };
		323EEB282445FABC004EFA5B /* ErrorManager.swift in Sources */ = {isa = PBXBuildFile; fileRef = 323EEB272445FABC004EFA5B /* ErrorManager.swift */; };
		323EEB2B2448A3D3004EFA5B /* APIWeatherManager.swift in Sources */ = {isa = PBXBuildFile; fileRef = 323EEB2A2448A3D3004EFA5B /* APIWeatherManager.swift */; };
		32A10B9124446D160029D962 /* AppDelegate.swift in Sources */ = {isa = PBXBuildFile; fileRef = 32A10B9024446D160029D962 /* AppDelegate.swift */; };
		32A10B9324446D170029D962 /* ViewController.swift in Sources */ = {isa = PBXBuildFile; fileRef = 32A10B9224446D170029D962 /* ViewController.swift */; };
		32A10B9624446D170029D962 /* Main.storyboard in Resources */ = {isa = PBXBuildFile; fileRef = 32A10B9424446D170029D962 /* Main.storyboard */; };
		32A10B9824446D180029D962 /* Assets.xcassets in Resources */ = {isa = PBXBuildFile; fileRef = 32A10B9724446D180029D962 /* Assets.xcassets */; };
		32A10B9B24446D180029D962 /* LaunchScreen.storyboard in Resources */ = {isa = PBXBuildFile; fileRef = 32A10B9924446D180029D962 /* LaunchScreen.storyboard */; };
		32A10BA324449A180029D962 /* CurrentWeather.swift in Sources */ = {isa = PBXBuildFile; fileRef = 32A10BA224449A180029D962 /* CurrentWeather.swift */; };
		32A10BA524449B7E0029D962 /* WeatherIconManager.swift in Sources */ = {isa = PBXBuildFile; fileRef = 32A10BA424449B7E0029D962 /* WeatherIconManager.swift */; };
/* End PBXBuildFile section */

/* Begin PBXFileReference section */
		323EEB252445E97E004EFA5B /* APIManager.swift */ = {isa = PBXFileReference; lastKnownFileType = sourcecode.swift; path = APIManager.swift; sourceTree = "<group>"; };
		323EEB272445FABC004EFA5B /* ErrorManager.swift */ = {isa = PBXFileReference; lastKnownFileType = sourcecode.swift; path = ErrorManager.swift; sourceTree = "<group>"; };
		323EEB2A2448A3D3004EFA5B /* APIWeatherManager.swift */ = {isa = PBXFileReference; lastKnownFileType = sourcecode.swift; path = APIWeatherManager.swift; sourceTree = "<group>"; };
		32A10B8D24446D160029D962 /* WeatherApp.app */ = {isa = PBXFileReference; explicitFileType = wrapper.application; includeInIndex = 0; path = WeatherApp.app; sourceTree = BUILT_PRODUCTS_DIR; };
		32A10B9024446D160029D962 /* AppDelegate.swift */ = {isa = PBXFileReference; lastKnownFileType = sourcecode.swift; path = AppDelegate.swift; sourceTree = "<group>"; };
		32A10B9224446D170029D962 /* ViewController.swift */ = {isa = PBXFileReference; lastKnownFileType = sourcecode.swift; path = ViewController.swift; sourceTree = "<group>"; };
		32A10B9524446D170029D962 /* Base */ = {isa = PBXFileReference; lastKnownFileType = file.storyboard; name = Base; path = Base.lproj/Main.storyboard; sourceTree = "<group>"; };
		32A10B9724446D180029D962 /* Assets.xcassets */ = {isa = PBXFileReference; lastKnownFileType = folder.assetcatalog; path = Assets.xcassets; sourceTree = "<group>"; };
		32A10B9A24446D180029D962 /* Base */ = {isa = PBXFileReference; lastKnownFileType = file.storyboard; name = Base; path = Base.lproj/LaunchScreen.storyboard; sourceTree = "<group>"; };
		32A10B9C24446D180029D962 /* Info.plist */ = {isa = PBXFileReference; lastKnownFileType = text.plist.xml; path = Info.plist; sourceTree = "<group>"; };
		32A10BA224449A180029D962 /* CurrentWeather.swift */ = {isa = PBXFileReference; lastKnownFileType = sourcecode.swift; path = CurrentWeather.swift; sourceTree = "<group>"; };
		32A10BA424449B7E0029D962 /* WeatherIconManager.swift */ = {isa = PBXFileReference; lastKnownFileType = sourcecode.swift; path = WeatherIconManager.swift; sourceTree = "<group>"; };
/* End PBXFileReference section */

/* Begin PBXFrameworksBuildPhase section */
		32A10B8A24446D160029D962 /* Frameworks */ = {
			isa = PBXFrameworksBuildPhase;
			buildActionMask = 2147483647;
			files = (
			);
			runOnlyForDeploymentPostprocessing = 0;
		};
/* End PBXFrameworksBuildPhase section */

/* Begin PBXGroup section */
		323EEB292445FAEA004EFA5B /* WeatherModel */ = {
			isa = PBXGroup;
			children = (
				32A10BA224449A180029D962 /* CurrentWeather.swift */,
				32A10BA424449B7E0029D962 /* WeatherIconManager.swift */,
			);
			path = WeatherModel;
			sourceTree = "<group>";
		};
		32A10B8424446D160029D962 = {
			isa = PBXGroup;
			children = (
				32A10B8F24446D160029D962 /* WeatherApp */,
				32A10B8E24446D160029D962 /* Products */,
			);
			sourceTree = "<group>";
		};
		32A10B8E24446D160029D962 /* Products */ = {
			isa = PBXGroup;
			children = (
				32A10B8D24446D160029D962 /* WeatherApp.app */,
			);
			name = Products;
			sourceTree = "<group>";
		};
		32A10B8F24446D160029D962 /* WeatherApp */ = {
			isa = PBXGroup;
			children = (
				323EEB292445FAEA004EFA5B /* WeatherModel */,
				32A10B9024446D160029D962 /* AppDelegate.swift */,
				32A10B9224446D170029D962 /* ViewController.swift */,
				32A10B9424446D170029D962 /* Main.storyboard */,
				323EEB252445E97E004EFA5B /* APIManager.swift */,
				323EEB2A2448A3D3004EFA5B /* APIWeatherManager.swift */,
				323EEB272445FABC004EFA5B /* ErrorManager.swift */,
				32A10B9724446D180029D962 /* Assets.xcassets */,
				32A10B9924446D180029D962 /* LaunchScreen.storyboard */,
				32A10B9C24446D180029D962 /* Info.plist */,
			);
			path = WeatherApp;
			sourceTree = "<group>";
		};
/* End PBXGroup section */

/* Begin PBXNativeTarget section */
		32A10B8C24446D160029D962 /* WeatherApp */ = {
			isa = PBXNativeTarget;
			buildConfigurationList = 32A10B9F24446D180029D962 /* Build configuration list for PBXNativeTarget "WeatherApp" */;
			buildPhases = (
				32A10B8924446D160029D962 /* Sources */,
				32A10B8A24446D160029D962 /* Frameworks */,
				32A10B8B24446D160029D962 /* Resources */,
			);
			buildRules = (
			);
			dependencies = (
			);
			name = WeatherApp;
			productName = WeatherApp;
			productReference = 32A10B8D24446D160029D962 /* WeatherApp.app */;
			productType = "com.apple.product-type.application";
		};
/* End PBXNativeTarget section */

/* Begin PBXProject section */
		32A10B8524446D160029D962 /* Project object */ = {
			isa = PBXProject;
			attributes = {
				LastSwiftUpdateCheck = 1020;
				LastUpgradeCheck = 1020;
				ORGANIZATIONNAME = "Karina Palanchuk";
				TargetAttributes = {
					32A10B8C24446D160029D962 = {
						CreatedOnToolsVersion = 10.2.1;
					};
				};
			};
			buildConfigurationList = 32A10B8824446D160029D962 /* Build configuration list for PBXProject "WeatherApp" */;
			compatibilityVersion = "Xcode 9.3";
			developmentRegion = en;
			hasScannedForEncodings = 0;
			knownRegions = (
				en,
				Base,
			);
			mainGroup = 32A10B8424446D160029D962;
			productRefGroup = 32A10B8E24446D160029D962 /* Products */;
			projectDirPath = "";
			projectRoot = "";
			targets = (
				32A10B8C24446D160029D962 /* WeatherApp */,
			);
		};
/* End PBXProject section */

/* Begin PBXResourcesBuildPhase section */
		32A10B8B24446D160029D962 /* Resources */ = {
			isa = PBXResourcesBuildPhase;
			buildActionMask = 2147483647;
			files = (
				32A10B9B24446D180029D962 /* LaunchScreen.storyboard in Resources */,
				32A10B9824446D180029D962 /* Assets.xcassets in Resources */,
				32A10B9624446D170029D962 /* Main.storyboard in Resources */,
			);
			runOnlyForDeploymentPostprocessing = 0;
		};
/* End PBXResourcesBuildPhase section */

/* Begin PBXSourcesBuildPhase section */
		32A10B8924446D160029D962 /* Sources */ = {
			isa = PBXSourcesBuildPhase;
			buildActionMask = 2147483647;
			files = (
				323EEB282445FABC004EFA5B /* ErrorManager.swift in Sources */,
				32A10B9324446D170029D962 /* ViewController.swift in Sources */,
				32A10BA324449A180029D962 /* CurrentWeather.swift in Sources */,
				323EEB262445E97E004EFA5B /* APIManager.swift in Sources */,
				323EEB2B2448A3D3004EFA5B /* APIWeatherManager.swift in Sources */,
				32A10B9124446D160029D962 /* AppDelegate.swift in Sources */,
				32A10BA524449B7E0029D962 /* WeatherIconManager.swift in Sources */,
			);
			runOnlyForDeploymentPostprocessing = 0;
		};
/* End PBXSourcesBuildPhase section */

/* Begin PBXVariantGroup section */
		32A10B9424446D170029D962 /* Main.storyboard */ = {
			isa = PBXVariantGroup;
			children = (
				32A10B9524446D170029D962 /* Base */,
			);
			name = Main.storyboard;
			sourceTree = "<group>";
		};
		32A10B9924446D180029D962 /* LaunchScreen.storyboard */ = {
			isa = PBXVariantGroup;
			children = (
				32A10B9A24446D180029D962 /* Base */,
			);
			name = LaunchScreen.storyboard;
			sourceTree = "<group>";
		};
/* End PBXVariantGroup section */

/* Begin XCBuildConfiguration section */
		32A10B9D24446D180029D962 /* Debug */ = {
			isa = XCBuildConfiguration;
			buildSettings = {
				ALWAYS_SEARCH_USER_PATHS = NO;
				CLANG_ANALYZER_NONNULL = YES;
				CLANG_ANALYZER_NUMBER_OBJECT_CONVERSION = YES_AGGRESSIVE;
				CLANG_CXX_LANGUAGE_STANDARD = "gnu++14";
				CLANG_CXX_LIBRARY = "libc++";
				CLANG_ENABLE_MODULES = YES;
				CLANG_ENABLE_OBJC_ARC = YES;
				CLANG_ENABLE_OBJC_WEAK = YES;
				CLANG_WARN_BLOCK_CAPTURE_AUTORELEASING = YES;
				CLANG_WARN_BOOL_CONVERSION = YES;
				CLANG_WARN_COMMA = YES;
				CLANG_WARN_CONSTANT_CONVERSION = YES;
				CLANG_WARN_DEPRECATED_OBJC_IMPLEMENTATIONS = YES;
				CLANG_WARN_DIRECT_OBJC_ISA_USAGE = YES_ERROR;
				CLANG_WARN_DOCUMENTATION_COMMENTS = YES;
				CLANG_WARN_EMPTY_BODY = YES;
				CLANG_WARN_ENUM_CONVERSION = YES;
				CLANG_WARN_INFINITE_RECURSION = YES;
				CLANG_WARN_INT_CONVERSION = YES;
				CLANG_WARN_NON_LITERAL_NULL_CONVERSION = YES;
				CLANG_WARN_OBJC_IMPLICIT_RETAIN_SELF = YES;
				CLANG_WARN_OBJC_LITERAL_CONVERSION = YES;
				CLANG_WARN_OBJC_ROOT_CLASS = YES_ERROR;
				CLANG_WARN_RANGE_LOOP_ANALYSIS = YES;
				CLANG_WARN_STRICT_PROTOTYPES = YES;
				CLANG_WARN_SUSPICIOUS_MOVE = YES;
				CLANG_WARN_UNGUARDED_AVAILABILITY = YES_AGGRESSIVE;
				CLANG_WARN_UNREACHABLE_CODE = YES;
				CLANG_WARN__DUPLICATE_METHOD_MATCH = YES;
				CODE_SIGN_IDENTITY = "iPhone Developer";
				COPY_PHASE_STRIP = NO;
				DEBUG_INFORMATION_FORMAT = dwarf;
				ENABLE_STRICT_OBJC_MSGSEND = YES;
				ENABLE_TESTABILITY = YES;
				GCC_C_LANGUAGE_STANDARD = gnu11;
				GCC_DYNAMIC_NO_PIC = NO;
				GCC_NO_COMMON_BLOCKS = YES;
				GCC_OPTIMIZATION_LEVEL = 0;
				GCC_PREPROCESSOR_DEFINITIONS = (
					"DEBUG=1",
					"$(inherited)",
				);
				GCC_WARN_64_TO_32_BIT_CONVERSION = YES;
				GCC_WARN_ABOUT_RETURN_TYPE = YES_ERROR;
				GCC_WARN_UNDECLARED_SELECTOR = YES;
				GCC_WARN_UNINITIALIZED_AUTOS = YES_AGGRESSIVE;
				GCC_WARN_UNUSED_FUNCTION = YES;
				GCC_WARN_UNUSED_VARIABLE = YES;
				IPHONEOS_DEPLOYMENT_TARGET = 12.2;
				MTL_ENABLE_DEBUG_INFO = INCLUDE_SOURCE;
				MTL_FAST_MATH = YES;
				ONLY_ACTIVE_ARCH = YES;
				SDKROOT = iphoneos;
				SWIFT_ACTIVE_COMPILATION_CONDITIONS = DEBUG;
				SWIFT_OPTIMIZATION_LEVEL = "-Onone";
			};
			name = Debug;
		};
		32A10B9E24446D180029D962 /* Release */ = {
			isa = XCBuildConfiguration;
			buildSettings = {
				ALWAYS_SEARCH_USER_PATHS = NO;
				CLANG_ANALYZER_NONNULL = YES;
				CLANG_ANALYZER_NUMBER_OBJECT_CONVERSION = YES_AGGRESSIVE;
				CLANG_CXX_LANGUAGE_STANDARD = "gnu++14";
				CLANG_CXX_LIBRARY = "libc++";
				CLANG_ENABLE_MODULES = YES;
				CLANG_ENABLE_OBJC_ARC = YES;
				CLANG_ENABLE_OBJC_WEAK = YES;
				CLANG_WARN_BLOCK_CAPTURE_AUTORELEASING = YES;
				CLANG_WARN_BOOL_CONVERSION = YES;
				CLANG_WARN_COMMA = YES;
				CLANG_WARN_CONSTANT_CONVERSION = YES;
				CLANG_WARN_DEPRECATED_OBJC_IMPLEMENTATIONS = YES;
				CLANG_WARN_DIRECT_OBJC_ISA_USAGE = YES_ERROR;
				CLANG_WARN_DOCUMENTATION_COMMENTS = YES;
				CLANG_WARN_EMPTY_BODY = YES;
				CLANG_WARN_ENUM_CONVERSION = YES;
				CLANG_WARN_INFINITE_RECURSION = YES;
				CLANG_WARN_INT_CONVERSION = YES;
				CLANG_WARN_NON_LITERAL_NULL_CONVERSION = YES;
				CLANG_WARN_OBJC_IMPLICIT_RETAIN_SELF = YES;
				CLANG_WARN_OBJC_LITERAL_CONVERSION = YES;
				CLANG_WARN_OBJC_ROOT_CLASS = YES_ERROR;
				CLANG_WARN_RANGE_LOOP_ANALYSIS = YES;
				CLANG_WARN_STRICT_PROTOTYPES = YES;
				CLANG_WARN_SUSPICIOUS_MOVE = YES;
				CLANG_WARN_UNGUARDED_AVAILABILITY = YES_AGGRESSIVE;
				CLANG_WARN_UNREACHABLE_CODE = YES;
				CLANG_WARN__DUPLICATE_METHOD_MATCH = YES;
				CODE_SIGN_IDENTITY = "iPhone Developer";
				COPY_PHASE_STRIP = NO;
				DEBUG_INFORMATION_FORMAT = "dwarf-with-dsym";
				ENABLE_NS_ASSERTIONS = NO;
				ENABLE_STRICT_OBJC_MSGSEND = YES;
				GCC_C_LANGUAGE_STANDARD = gnu11;
				GCC_NO_COMMON_BLOCKS = YES;
				GCC_WARN_64_TO_32_BIT_CONVERSION = YES;
				GCC_WARN_ABOUT_RETURN_TYPE = YES_ERROR;
				GCC_WARN_UNDECLARED_SELECTOR = YES;
				GCC_WARN_UNINITIALIZED_AUTOS = YES_AGGRESSIVE;
				GCC_WARN_UNUSED_FUNCTION = YES;
				GCC_WARN_UNUSED_VARIABLE = YES;
				IPHONEOS_DEPLOYMENT_TARGET = 12.2;
				MTL_ENABLE_DEBUG_INFO = NO;
				MTL_FAST_MATH = YES;
				SDKROOT = iphoneos;
				SWIFT_COMPILATION_MODE = wholemodule;
				SWIFT_OPTIMIZATION_LEVEL = "-O";
				VALIDATE_PRODUCT = YES;
			};
			name = Release;
		};
		32A10BA024446D180029D962 /* Debug */ = {
			isa = XCBuildConfiguration;
			buildSettings = {
				ASSETCATALOG_COMPILER_APPICON_NAME = AppIcon;
				CODE_SIGN_STYLE = Automatic;
				INFOPLIST_FILE = WeatherApp/Info.plist;
				LD_RUNPATH_SEARCH_PATHS = (
					"$(inherited)",
					"@executable_path/Frameworks",
				);
				PRODUCT_BUNDLE_IDENTIFIER = swift.WeatherApp;
				PRODUCT_NAME = "$(TARGET_NAME)";
				SWIFT_VERSION = 5.0;
				TARGETED_DEVICE_FAMILY = "1,2";
			};
			name = Debug;
		};
		32A10BA124446D180029D962 /* Release */ = {
			isa = XCBuildConfiguration;
			buildSettings = {
				ASSETCATALOG_COMPILER_APPICON_NAME = AppIcon;
				CODE_SIGN_STYLE = Automatic;
				INFOPLIST_FILE = WeatherApp/Info.plist;
				LD_RUNPATH_SEARCH_PATHS = (
					"$(inherited)",
					"@executable_path/Frameworks",
				);
				PRODUCT_BUNDLE_IDENTIFIER = swift.WeatherApp;
				PRODUCT_NAME = "$(TARGET_NAME)";
				SWIFT_VERSION = 5.0;
				TARGETED_DEVICE_FAMILY = "1,2";
			};
			name = Release;
		};
/* End XCBuildConfiguration section */

/* Begin XCConfigurationList section */
		32A10B8824446D160029D962 /* Build configuration list for PBXProject "WeatherApp" */ = {
			isa = XCConfigurationList;
			buildConfigurations = (
				32A10B9D24446D180029D962 /* Debug */,
				32A10B9E24446D180029D962 /* Release */,
			);
			defaultConfigurationIsVisible = 0;
			defaultConfigurationName = Release;
		};
		32A10B9F24446D180029D962 /* Build configuration list for PBXNativeTarget "WeatherApp" */ = {
			isa = XCConfigurationList;
			buildConfigurations = (
				32A10BA024446D180029D962 /* Debug */,
				32A10BA124446D180029D962 /* Release */,
			);
			defaultConfigurationIsVisible = 0;
			defaultConfigurationName = Release;
		};
/* End XCConfigurationList section */
	};
	rootObject = 32A10B8524446D160029D962 /* Project object */;
}
